{
  "pins" : [
    {
      "identity" : "bitmapcontext",
      "kind" : "remoteSourceControl",
      "location" : "https://github.com/noppefoxwolf/BitmapContext",
      "state" : {
        "revision" : "3426c253df2b7e20bf0dfff3554ed71ce0ccdd04",
        "version" : "0.0.20"
      }
    },
    {
      "identity" : "swift-collections",
      "kind" : "remoteSourceControl",
      "location" : "https://github.com/apple/swift-collections",
      "state" : {
        "revision" : "48254824bb4248676bf7ce56014ff57b142b77eb",
        "version" : "1.0.2"
      }
    },
    {
      "identity" : "swift-line-algorithms",
      "kind" : "remoteSourceControl",
      "location" : "https://github.com/noppefoxwolf/swift-line-algorithms",
      "state" : {
        "revision" : "47e972436b9c335b926766de965af8836044f414",
        "version" : "0.0.3"
      }
    }
  ],
  "version" : 2
}
